
Microsoft Visual Studio Solution File, Format Version 12.00
# Visual Studio Version 16
VisualStudioVersion = 16.0.808.4
MinimumVisualStudioVersion = 10.0.40219.1
Project("{FAE04EC0-301F-11D3-BF4B-00C04F79EFBC}") = "network_game_server", "network_game_server.csproj", "{E2815FEB-363A-49CB-88AF-8081894CEEB0}"
EndProject
Global
	GlobalSection(SolutionConfigurationPlatforms) = preSolution
		Debug|anycpu = Debug|anycpu
		Release|anycpu = Release|anycpu
	EndGlobalSection
	GlobalSection(ProjectConfigurationPlatforms) = postSolution
		{E2815FEB-363A-49CB-88AF-8081894CEEB0}.Debug|anycpu.ActiveCfg = Debug|anycpu
		{E2815FEB-363A-49CB-88AF-8081894CEEB0}.Debug|anycpu.Build.0 = Debug|anycpu
		{E2815FEB-363A-49CB-88AF-8081894CEEB0}.Release|anycpu.ActiveCfg = Release|anycpu
		{E2815FEB-363A-49CB-88AF-8081894CEEB0}.Release|anycpu.Build.0 = Release|anycpu
	EndGlobalSection
	GlobalSection(SolutionProperties) = preSolution
		HideSolutionNode = FALSE
	EndGlobalSection
	GlobalSection(ExtensibilityGlobals) = postSolution
		SolutionGuid = {197D091B-254D-402E-A4C0-6E570835C7F1}
	EndGlobalSection
EndGlobal
